
Microsoft Visual Studio Solution File, Format Version 12.00
# Visual Studio Version 16
VisualStudioVersion = 16.0.28803.202
MinimumVisualStudioVersion = 10.0.40219.1
Project("{D954291E-2A0B-460D-934E-DC6B0785DB48}") = "Common", "Common\Common.shproj", "{E328FAB3-018B-4FF2-9916-1CDDA99FBCA9}"
EndProject
Project("{FAE04EC0-301F-11D3-BF4B-00C04F79EFBC}") = "Model", "Model\Model.csproj", "{2FB9159D-FA40-47D8-8228-5C356B74BFDD}"
EndProject
Global
	GlobalSection(SharedMSBuildProjectFiles) = preSolution
		Common\Common.projitems*{e328fab3-018b-4ff2-9916-1cdda99fbca9}*SharedItemsImports = 13
	EndGlobalSection
	GlobalSection(SolutionConfigurationPlatforms) = preSolution
		Debug|Any CPU = Debug|Any CPU
		Release|Any CPU = Release|Any CPU
	EndGlobalSection
	GlobalSection(ProjectConfigurationPlatforms) = postSolution
		{2FB9159D-FA40-47D8-8228-5C356B74BFDD}.Debug|Any CPU.ActiveCfg = Debug|Any CPU
		{2FB9159D-FA40-47D8-8228-5C356B74BFDD}.Debug|Any CPU.Build.0 = Debug|Any CPU
		{2FB9159D-FA40-47D8-8228-5C356B74BFDD}.Release|Any CPU.ActiveCfg = Release|Any CPU
		{2FB9159D-FA40-47D8-8228-5C356B74BFDD}.Release|Any CPU.Build.0 = Release|Any CPU
	EndGlobalSection
	GlobalSection(SolutionProperties) = preSolution
		HideSolutionNode = FALSE
	EndGlobalSection
	GlobalSection(ExtensibilityGlobals) = postSolution
		SolutionGuid = {66D67764-BE08-451B-9ADC-23BBD205968B}
	EndGlobalSection
EndGlobal
